
Microsoft Visual Studio Solution File, Format Version 12.00
# Visual Studio Version 17
VisualStudioVersion = 17.4.33213.308
MinimumVisualStudioVersion = 10.0.40219.1
Project("{FAE04EC0-301F-11D3-BF4B-00C04F79EFBC}") = "BibliotekaOOP", "BibliotekaOOP.csproj", "{D89A7ACD-D474-4B62-BEA6-9F7576E4F7CE}"
EndProject
Global
	GlobalSection(SolutionConfigurationPlatforms) = preSolution
		Debug|Any CPU = Debug|Any CPU
		Release|Any CPU = Release|Any CPU
	EndGlobalSection
	GlobalSection(ProjectConfigurationPlatforms) = postSolution
		{D89A7ACD-D474-4B62-BEA6-9F7576E4F7CE}.Debug|Any CPU.ActiveCfg = Debug|Any CPU
		{D89A7ACD-D474-4B62-BEA6-9F7576E4F7CE}.Debug|Any CPU.Build.0 = Debug|Any CPU
		{D89A7ACD-D474-4B62-BEA6-9F7576E4F7CE}.Release|Any CPU.ActiveCfg = Release|Any CPU
		{D89A7ACD-D474-4B62-BEA6-9F7576E4F7CE}.Release|Any CPU.Build.0 = Release|Any CPU
	EndGlobalSection
	GlobalSection(SolutionProperties) = preSolution
		HideSolutionNode = FALSE
	EndGlobalSection
	GlobalSection(ExtensibilityGlobals) = postSolution
		SolutionGuid = {AB76AC1B-3D6A-48EB-A858-ECE2050F204C}
	EndGlobalSection
EndGlobal
